// !$*UTF8*$!
{
	archiveVersion = 1;
	classes = {
	};
	objectVersion = 51;
	objects = {

/* Begin PBXBuildFile section */
		46E4BA4D2437F165006101FE /* AppDelegate.swift in Sources */ = {isa = PBXBuildFile; fileRef = 46E4BA4C2437F165006101FE /* AppDelegate.swift */; };
		46E4BA4F2437F165006101FE /* SceneDelegate.swift in Sources */ = {isa = PBXBuildFile; fileRef = 46E4BA4E2437F165006101FE /* SceneDelegate.swift */; };
		46E4BA512437F165006101FE /* ViewController.swift in Sources */ = {isa = PBXBuildFile; fileRef = 46E4BA502437F165006101FE /* ViewController.swift */; };
		46E4BA542437F165006101FE /* Main.storyboard in Resources */ = {isa = PBXBuildFile; fileRef = 46E4BA522437F165006101FE /* Main.storyboard */; };
		46E4BA562437F16A006101FE /* Assets.xcassets in Resources */ = {isa = PBXBuildFile; fileRef = 46E4BA552437F16A006101FE /* Assets.xcassets */; };
		46E4BA592437F16A006101FE /* LaunchScreen.storyboard in Resources */ = {isa = PBXBuildFile; fileRef = 46E4BA572437F16A006101FE /* LaunchScreen.storyboard */; };
		46E4BA612437F657006101FE /* covid.json in Resources */ = {isa = PBXBuildFile; fileRef = 46E4BA602437F657006101FE /* covid.json */; };
		46E4BA632437FE5C006101FE /* Covid.swift in Sources */ = {isa = PBXBuildFile; fileRef = 46E4BA622437FE5C006101FE /* Covid.swift */; };
		5828D004821570D100255816 /* Pods_mapacovid19.framework in Frameworks */ = {isa = PBXBuildFile; fileRef = 3672280D040E63C2EEB4F798 /* Pods_mapacovid19.framework */; };
/* End PBXBuildFile section */

/* Begin PBXFileReference section */
		1B5582CDEB164A68E372DF21 /* Pods-mapacovid19.release.xcconfig */ = {isa = PBXFileReference; includeInIndex = 1; lastKnownFileType = text.xcconfig; name = "Pods-mapacovid19.release.xcconfig"; path = "Target Support Files/Pods-mapacovid19/Pods-mapacovid19.release.xcconfig"; sourceTree = "<group>"; };
		3672280D040E63C2EEB4F798 /* Pods_mapacovid19.framework */ = {isa = PBXFileReference; explicitFileType = wrapper.framework; includeInIndex = 0; path = Pods_mapacovid19.framework; sourceTree = BUILT_PRODUCTS_DIR; };
		46E4BA492437F165006101FE /* covid19peru.app */ = {isa = PBXFileReference; explicitFileType = wrapper.application; includeInIndex = 0; path = covid19peru.app; sourceTree = BUILT_PRODUCTS_DIR; };
		46E4BA4C2437F165006101FE /* AppDelegate.swift */ = {isa = PBXFileReference; lastKnownFileType = sourcecode.swift; path = AppDelegate.swift; sourceTree = "<group>"; };
		46E4BA4E2437F165006101FE /* SceneDelegate.swift */ = {isa = PBXFileReference; lastKnownFileType = sourcecode.swift; path = SceneDelegate.swift; sourceTree = "<group>"; };
		46E4BA502437F165006101FE /* ViewController.swift */ = {isa = PBXFileReference; lastKnownFileType = sourcecode.swift; path = ViewController.swift; sourceTree = "<group>"; };
		46E4BA532437F165006101FE /* Base */ = {isa = PBXFileReference; lastKnownFileType = file.storyboard; name = Base; path = Base.lproj/Main.storyboard; sourceTree = "<group>"; };
		46E4BA552437F16A006101FE /* Assets.xcassets */ = {isa = PBXFileReference; lastKnownFileType = folder.assetcatalog; path = Assets.xcassets; sourceTree = "<group>"; };
		46E4BA582437F16A006101FE /* Base */ = {isa = PBXFileReference; lastKnownFileType = file.storyboard; name = Base; path = Base.lproj/LaunchScreen.storyboard; sourceTree = "<group>"; };
		46E4BA5A2437F16A006101FE /* Info.plist */ = {isa = PBXFileReference; lastKnownFileType = text.plist.xml; path = Info.plist; sourceTree = "<group>"; };
		46E4BA602437F657006101FE /* covid.json */ = {isa = PBXFileReference; fileEncoding = 4; lastKnownFileType = text.json; path = covid.json; sourceTree = "<group>"; };
		46E4BA622437FE5C006101FE /* Covid.swift */ = {isa = PBXFileReference; lastKnownFileType = sourcecode.swift; path = Covid.swift; sourceTree = "<group>"; };
		5FFB200E75C24700BD93BADB /* Pods-mapacovid19.debug.xcconfig */ = {isa = PBXFileReference; includeInIndex = 1; lastKnownFileType = text.xcconfig; name = "Pods-mapacovid19.debug.xcconfig"; path = "Target Support Files/Pods-mapacovid19/Pods-mapacovid19.debug.xcconfig"; sourceTree = "<group>"; };
/* End PBXFileReference section */

/* Begin PBXFrameworksBuildPhase section */
		46E4BA462437F165006101FE /* Frameworks */ = {
			isa = PBXFrameworksBuildPhase;
			buildActionMask = 2147483647;
			files = (
				5828D004821570D100255816 /* Pods_mapacovid19.framework in Frameworks */,
			);
			runOnlyForDeploymentPostprocessing = 0;
		};
/* End PBXFrameworksBuildPhase section */

/* Begin PBXGroup section */
		16BDA504604F674CE65BF75F /* Pods */ = {
			isa = PBXGroup;
			children = (
				5FFB200E75C24700BD93BADB /* Pods-mapacovid19.debug.xcconfig */,
				1B5582CDEB164A68E372DF21 /* Pods-mapacovid19.release.xcconfig */,
			);
			path = Pods;
			sourceTree = "<group>";
		};
		46E4BA402437F165006101FE = {
			isa = PBXGroup;
			children = (
				46E4BA4B2437F165006101FE /* mapacovid19 */,
				46E4BA4A2437F165006101FE /* Products */,
				16BDA504604F674CE65BF75F /* Pods */,
				E3E9DD19029C5A61E514BD4A /* Frameworks */,
			);
			sourceTree = "<group>";
		};
		46E4BA4A2437F165006101FE /* Products */ = {
			isa = PBXGroup;
			children = (
				46E4BA492437F165006101FE /* covid19peru.app */,
			);
			name = Products;
			sourceTree = "<group>";
		};
		46E4BA4B2437F165006101FE /* mapacovid19 */ = {
			isa = PBXGroup;
			children = (
				46E4BA602437F657006101FE /* covid.json */,
				46E4BA4C2437F165006101FE /* AppDelegate.swift */,
				46E4BA4E2437F165006101FE /* SceneDelegate.swift */,
				46E4BA502437F165006101FE /* ViewController.swift */,
				46E4BA522437F165006101FE /* Main.storyboard */,
				46E4BA552437F16A006101FE /* Assets.xcassets */,
				46E4BA572437F16A006101FE /* LaunchScreen.storyboard */,
				46E4BA5A2437F16A006101FE /* Info.plist */,
				46E4BA622437FE5C006101FE /* Covid.swift */,
			);
			path = mapacovid19;
			sourceTree = "<group>";
		};
		E3E9DD19029C5A61E514BD4A /* Frameworks */ = {
			isa = PBXGroup;
			children = (
				3672280D040E63C2EEB4F798 /* Pods_mapacovid19.framework */,
			);
			name = Frameworks;
			sourceTree = "<group>";
		};
/* End PBXGroup section */

/* Begin PBXNativeTarget section */
		46E4BA482437F165006101FE /* mapacovid19 */ = {
			isa = PBXNativeTarget;
			buildConfigurationList = 46E4BA5D2437F16A006101FE /* Build configuration list for PBXNativeTarget "mapacovid19" */;
			buildPhases = (
				E197F38788B48EEBE06070D2 /* [CP] Check Pods Manifest.lock */,
				46E4BA452437F165006101FE /* Sources */,
				46E4BA462437F165006101FE /* Frameworks */,
				46E4BA472437F165006101FE /* Resources */,
				FA53909925D6A9B8D3B895B8 /* [CP] Copy Pods Resources */,
			);
			buildRules = (
			);
			dependencies = (
			);
			name = mapacovid19;
			productName = mapacovid19;
			productReference = 46E4BA492437F165006101FE /* covid19peru.app */;
			productType = "com.apple.product-type.application";
		};
/* End PBXNativeTarget section */

/* Begin PBXProject section */
		46E4BA412437F165006101FE /* Project object */ = {
			isa = PBXProject;
			attributes = {
				LastSwiftUpdateCheck = 1130;
				LastUpgradeCheck = 1130;
				ORGANIZATIONNAME = rapser;
				TargetAttributes = {
					46E4BA482437F165006101FE = {
						CreatedOnToolsVersion = 11.3.1;
					};
				};
			};
			buildConfigurationList = 46E4BA442437F165006101FE /* Build configuration list for PBXProject "mapacovid19" */;
			compatibilityVersion = "Xcode 9.3";
			developmentRegion = en;
			hasScannedForEncodings = 0;
			knownRegions = (
				en,
				Base,
			);
			mainGroup = 46E4BA402437F165006101FE;
			productRefGroup = 46E4BA4A2437F165006101FE /* Products */;
			projectDirPath = "";
			projectRoot = "";
			targets = (
				46E4BA482437F165006101FE /* mapacovid19 */,
			);
		};
/* End PBXProject section */

/* Begin PBXResourcesBuildPhase section */
		46E4BA472437F165006101FE /* Resources */ = {
			isa = PBXResourcesBuildPhase;
			buildActionMask = 2147483647;
			files = (
				46E4BA592437F16A006101FE /* LaunchScreen.storyboard in Resources */,
				46E4BA562437F16A006101FE /* Assets.xcassets in Resources */,
				46E4BA542437F165006101FE /* Main.storyboard in Resources */,
				46E4BA612437F657006101FE /* covid.json in Resources */,
			);
			runOnlyForDeploymentPostprocessing = 0;
		};
/* End PBXResourcesBuildPhase section */

/* Begin PBXShellScriptBuildPhase section */
		E197F38788B48EEBE06070D2 /* [CP] Check Pods Manifest.lock */ = {
			isa = PBXShellScriptBuildPhase;
			buildActionMask = 2147483647;
			files = (
			);
			inputFileListPaths = (
			);
			inputPaths = (
				"${PODS_PODFILE_DIR_PATH}/Podfile.lock",
				"${PODS_ROOT}/Manifest.lock",
			);
			name = "[CP] Check Pods Manifest.lock";
			outputFileListPaths = (
			);
			outputPaths = (
				"$(DERIVED_FILE_DIR)/Pods-mapacovid19-checkManifestLockResult.txt",
			);
			runOnlyForDeploymentPostprocessing = 0;
			shellPath = /bin/sh;
			shellScript = "diff \"${PODS_PODFILE_DIR_PATH}/Podfile.lock\" \"${PODS_ROOT}/Manifest.lock\" > /dev/null\nif [ $? != 0 ] ; then\n    # print error to STDERR\n    echo \"error: The sandbox is not in sync with the Podfile.lock. Run 'pod install' or update your CocoaPods installation.\" >&2\n    exit 1\nfi\n# This output is used by Xcode 'outputs' to avoid re-running this script phase.\necho \"SUCCESS\" > \"${SCRIPT_OUTPUT_FILE_0}\"\n";
			showEnvVarsInLog = 0;
		};
		FA53909925D6A9B8D3B895B8 /* [CP] Copy Pods Resources */ = {
			isa = PBXShellScriptBuildPhase;
			buildActionMask = 2147483647;
			files = (
			);
			inputFileListPaths = (
				"${PODS_ROOT}/Target Support Files/Pods-mapacovid19/Pods-mapacovid19-resources-${CONFIGURATION}-input-files.xcfilelist",
			);
			name = "[CP] Copy Pods Resources";
			outputFileListPaths = (
				"${PODS_ROOT}/Target Support Files/Pods-mapacovid19/Pods-mapacovid19-resources-${CONFIGURATION}-output-files.xcfilelist",
			);
			runOnlyForDeploymentPostprocessing = 0;
			shellPath = /bin/sh;
			shellScript = "\"${PODS_ROOT}/Target Support Files/Pods-mapacovid19/Pods-mapacovid19-resources.sh\"\n";
			showEnvVarsInLog = 0;
		};
/* End PBXShellScriptBuildPhase section */

/* Begin PBXSourcesBuildPhase section */
		46E4BA452437F165006101FE /* Sources */ = {
			isa = PBXSourcesBuildPhase;
			buildActionMask = 2147483647;
			files = (
				46E4BA512437F165006101FE /* ViewController.swift in Sources */,
				46E4BA4D2437F165006101FE /* AppDelegate.swift in Sources */,
				46E4BA4F2437F165006101FE /* SceneDelegate.swift in Sources */,
				46E4BA632437FE5C006101FE /* Covid.swift in Sources */,
			);
			runOnlyForDeploymentPostprocessing = 0;
		};
/* End PBXSourcesBuildPhase section */

/* Begin PBXVariantGroup section */
		46E4BA522437F165006101FE /* Main.storyboard */ = {
			isa = PBXVariantGroup;
			children = (
				46E4BA532437F165006101FE /* Base */,
			);
			name = Main.storyboard;
			sourceTree = "<group>";
		};
		46E4BA572437F16A006101FE /* LaunchScreen.storyboard */ = {
			isa = PBXVariantGroup;
			children = (
				46E4BA582437F16A006101FE /* Base */,
			);
			name = LaunchScreen.storyboard;
			sourceTree = "<group>";
		};
/* End PBXVariantGroup section */

/* Begin XCBuildConfiguration section */
		46E4BA5B2437F16A006101FE /* Debug */ = {
			isa = XCBuildConfiguration;
			buildSettings = {
				ALWAYS_SEARCH_USER_PATHS = NO;
				CLANG_ANALYZER_NONNULL = YES;
				CLANG_ANALYZER_NUMBER_OBJECT_CONVERSION = YES_AGGRESSIVE;
				CLANG_CXX_LANGUAGE_STANDARD = "gnu++14";
				CLANG_CXX_LIBRARY = "libc++";
				CLANG_ENABLE_MODULES = YES;
				CLANG_ENABLE_OBJC_ARC = YES;
				CLANG_ENABLE_OBJC_WEAK = YES;
				CLANG_WARN_BLOCK_CAPTURE_AUTORELEASING = YES;
				CLANG_WARN_BOOL_CONVERSION = YES;
				CLANG_WARN_COMMA = YES;
				CLANG_WARN_CONSTANT_CONVERSION = YES;
				CLANG_WARN_DEPRECATED_OBJC_IMPLEMENTATIONS = YES;
				CLANG_WARN_DIRECT_OBJC_ISA_USAGE = YES_ERROR;
				CLANG_WARN_DOCUMENTATION_COMMENTS = YES;
				CLANG_WARN_EMPTY_BODY = YES;
				CLANG_WARN_ENUM_CONVERSION = YES;
				CLANG_WARN_INFINITE_RECURSION = YES;
				CLANG_WARN_INT_CONVERSION = YES;
				CLANG_WARN_NON_LITERAL_NULL_CONVERSION = YES;
				CLANG_WARN_OBJC_IMPLICIT_RETAIN_SELF = YES;
				CLANG_WARN_OBJC_LITERAL_CONVERSION = YES;
				CLANG_WARN_OBJC_ROOT_CLASS = YES_ERROR;
				CLANG_WARN_RANGE_LOOP_ANALYSIS = YES;
				CLANG_WARN_STRICT_PROTOTYPES = YES;
				CLANG_WARN_SUSPICIOUS_MOVE = YES;
				CLANG_WARN_UNGUARDED_AVAILABILITY = YES_AGGRESSIVE;
				CLANG_WARN_UNREACHABLE_CODE = YES;
				CLANG_WARN__DUPLICATE_METHOD_MATCH = YES;
				COPY_PHASE_STRIP = NO;
				DEBUG_INFORMATION_FORMAT = dwarf;
				ENABLE_STRICT_OBJC_MSGSEND = YES;
				ENABLE_TESTABILITY = YES;
				GCC_C_LANGUAGE_STANDARD = gnu11;
				GCC_DYNAMIC_NO_PIC = NO;
				GCC_NO_COMMON_BLOCKS = YES;
				GCC_OPTIMIZATION_LEVEL = 0;
				GCC_PREPROCESSOR_DEFINITIONS = (
					"DEBUG=1",
					"$(inherited)",
				);
				GCC_WARN_64_TO_32_BIT_CONVERSION = YES;
				GCC_WARN_ABOUT_RETURN_TYPE = YES_ERROR;
				GCC_WARN_UNDECLARED_SELECTOR = YES;
				GCC_WARN_UNINITIALIZED_AUTOS = YES_AGGRESSIVE;
				GCC_WARN_UNUSED_FUNCTION = YES;
				GCC_WARN_UNUSED_VARIABLE = YES;
				IPHONEOS_DEPLOYMENT_TARGET = 13.2;
				MTL_ENABLE_DEBUG_INFO = INCLUDE_SOURCE;
				MTL_FAST_MATH = YES;
				ONLY_ACTIVE_ARCH = YES;
				SDKROOT = iphoneos;
				SWIFT_ACTIVE_COMPILATION_CONDITIONS = DEBUG;
				SWIFT_OPTIMIZATION_LEVEL = "-Onone";
			};
			name = Debug;
		};
		46E4BA5C2437F16A006101FE /* Release */ = {
			isa = XCBuildConfiguration;
			buildSettings = {
				ALWAYS_SEARCH_USER_PATHS = NO;
				CLANG_ANALYZER_NONNULL = YES;
				CLANG_ANALYZER_NUMBER_OBJECT_CONVERSION = YES_AGGRESSIVE;
				CLANG_CXX_LANGUAGE_STANDARD = "gnu++14";
				CLANG_CXX_LIBRARY = "libc++";
				CLANG_ENABLE_MODULES = YES;
				CLANG_ENABLE_OBJC_ARC = YES;
				CLANG_ENABLE_OBJC_WEAK = YES;
				CLANG_WARN_BLOCK_CAPTURE_AUTORELEASING = YES;
				CLANG_WARN_BOOL_CONVERSION = YES;
				CLANG_WARN_COMMA = YES;
				CLANG_WARN_CONSTANT_CONVERSION = YES;
				CLANG_WARN_DEPRECATED_OBJC_IMPLEMENTATIONS = YES;
				CLANG_WARN_DIRECT_OBJC_ISA_USAGE = YES_ERROR;
				CLANG_WARN_DOCUMENTATION_COMMENTS = YES;
				CLANG_WARN_EMPTY_BODY = YES;
				CLANG_WARN_ENUM_CONVERSION = YES;
				CLANG_WARN_INFINITE_RECURSION = YES;
				CLANG_WARN_INT_CONVERSION = YES;
				CLANG_WARN_NON_LITERAL_NULL_CONVERSION = YES;
				CLANG_WARN_OBJC_IMPLICIT_RETAIN_SELF = YES;
				CLANG_WARN_OBJC_LITERAL_CONVERSION = YES;
				CLANG_WARN_OBJC_ROOT_CLASS = YES_ERROR;
				CLANG_WARN_RANGE_LOOP_ANALYSIS = YES;
				CLANG_WARN_STRICT_PROTOTYPES = YES;
				CLANG_WARN_SUSPICIOUS_MOVE = YES;
				CLANG_WARN_UNGUARDED_AVAILABILITY = YES_AGGRESSIVE;
				CLANG_WARN_UNREACHABLE_CODE = YES;
				CLANG_WARN__DUPLICATE_METHOD_MATCH = YES;
				COPY_PHASE_STRIP = NO;
				DEBUG_INFORMATION_FORMAT = "dwarf-with-dsym";
				ENABLE_NS_ASSERTIONS = NO;
				ENABLE_STRICT_OBJC_MSGSEND = YES;
				GCC_C_LANGUAGE_STANDARD = gnu11;
				GCC_NO_COMMON_BLOCKS = YES;
				GCC_WARN_64_TO_32_BIT_CONVERSION = YES;
				GCC_WARN_ABOUT_RETURN_TYPE = YES_ERROR;
				GCC_WARN_UNDECLARED_SELECTOR = YES;
				GCC_WARN_UNINITIALIZED_AUTOS = YES_AGGRESSIVE;
				GCC_WARN_UNUSED_FUNCTION = YES;
				GCC_WARN_UNUSED_VARIABLE = YES;
				IPHONEOS_DEPLOYMENT_TARGET = 13.2;
				MTL_ENABLE_DEBUG_INFO = NO;
				MTL_FAST_MATH = YES;
				SDKROOT = iphoneos;
				SWIFT_COMPILATION_MODE = wholemodule;
				SWIFT_OPTIMIZATION_LEVEL = "-O";
				VALIDATE_PRODUCT = YES;
			};
			name = Release;
		};
		46E4BA5E2437F16A006101FE /* Debug */ = {
			isa = XCBuildConfiguration;
			baseConfigurationReference = 5FFB200E75C24700BD93BADB /* Pods-mapacovid19.debug.xcconfig */;
			buildSettings = {
				ASSETCATALOG_COMPILER_APPICON_NAME = AppIcon;
				CODE_SIGN_STYLE = Automatic;
				CURRENT_PROJECT_VERSION = 2;
				DEVELOPMENT_TEAM = P6FCYRT7JM;
				INFOPLIST_FILE = mapacovid19/Info.plist;
				IPHONEOS_DEPLOYMENT_TARGET = 13.0;
				LD_RUNPATH_SEARCH_PATHS = (
					"$(inherited)",
					"@executable_path/Frameworks",
				);
				PRODUCT_BUNDLE_IDENTIFIER = com.rapser.covid19;
				PRODUCT_NAME = covid19peru;
				SWIFT_VERSION = 5.0;
				TARGETED_DEVICE_FAMILY = "1,2";
			};
			name = Debug;
		};
		46E4BA5F2437F16A006101FE /* Release */ = {
			isa = XCBuildConfiguration;
			baseConfigurationReference = 1B5582CDEB164A68E372DF21 /* Pods-mapacovid19.release.xcconfig */;
			buildSettings = {
				ASSETCATALOG_COMPILER_APPICON_NAME = AppIcon;
				CODE_SIGN_STYLE = Automatic;
				CURRENT_PROJECT_VERSION = 2;
				DEVELOPMENT_TEAM = P6FCYRT7JM;
				INFOPLIST_FILE = mapacovid19/Info.plist;
				IPHONEOS_DEPLOYMENT_TARGET = 13.0;
				LD_RUNPATH_SEARCH_PATHS = (
					"$(inherited)",
					"@executable_path/Frameworks",
				);
				PRODUCT_BUNDLE_IDENTIFIER = com.rapser.covid19;
				PRODUCT_NAME = covid19peru;
				SWIFT_VERSION = 5.0;
				TARGETED_DEVICE_FAMILY = "1,2";
			};
			name = Release;
		};
/* End XCBuildConfiguration section */

/* Begin XCConfigurationList section */
		46E4BA442437F165006101FE /* Build configuration list for PBXProject "mapacovid19" */ = {
			isa = XCConfigurationList;
			buildConfigurations = (
				46E4BA5B2437F16A006101FE /* Debug */,
				46E4BA5C2437F16A006101FE /* Release */,
			);
			defaultConfigurationIsVisible = 0;
			defaultConfigurationName = Release;
		};
		46E4BA5D2437F16A006101FE /* Build configuration list for PBXNativeTarget "mapacovid19" */ = {
			isa = XCConfigurationList;
			buildConfigurations = (
				46E4BA5E2437F16A006101FE /* Debug */,
				46E4BA5F2437F16A006101FE /* Release */,
			);
			defaultConfigurationIsVisible = 0;
			defaultConfigurationName = Release;
		};
/* End XCConfigurationList section */
	};
	rootObject = 46E4BA412437F165006101FE /* Project object */;
}
